
Microsoft Visual Studio Solution File, Format Version 12.00
# Visual Studio Version 17
VisualStudioVersion = 17.7.34031.279
MinimumVisualStudioVersion = 10.0.40219.1
Project("{FAE04EC0-301F-11D3-BF4B-00C04F79EFBC}") = "DB", "DB\DB.csproj", "{D83C9ED8-8003-49BC-AFE3-8EC2A9407E73}"
EndProject
Project("{FAE04EC0-301F-11D3-BF4B-00C04F79EFBC}") = "DBOperations", "DBOperations\DBOperations.csproj", "{1AF9AD53-81CE-4039-B987-AD30AE336697}"
EndProject
Project("{FAE04EC0-301F-11D3-BF4B-00C04F79EFBC}") = "ADO_NET", "ADO_NET\ADO_NET.csproj", "{9FC038CC-F050-447A-879E-D1D4A5446B20}"
EndProject
Project("{FAE04EC0-301F-11D3-BF4B-00C04F79EFBC}") = "ADO_NET_TESTS", "ADO_NET_TESTS\ADO_NET_TESTS.csproj", "{792552DF-F225-42D0-BD67-ECDDC711D39A}"
EndProject
Global
	GlobalSection(SolutionConfigurationPlatforms) = preSolution
		Debug|Any CPU = Debug|Any CPU
		Release|Any CPU = Release|Any CPU
	EndGlobalSection
	GlobalSection(ProjectConfigurationPlatforms) = postSolution
		{D83C9ED8-8003-49BC-AFE3-8EC2A9407E73}.Debug|Any CPU.ActiveCfg = Debug|Any CPU
		{D83C9ED8-8003-49BC-AFE3-8EC2A9407E73}.Debug|Any CPU.Build.0 = Debug|Any CPU
		{D83C9ED8-8003-49BC-AFE3-8EC2A9407E73}.Release|Any CPU.ActiveCfg = Release|Any CPU
		{D83C9ED8-8003-49BC-AFE3-8EC2A9407E73}.Release|Any CPU.Build.0 = Release|Any CPU
		{1AF9AD53-81CE-4039-B987-AD30AE336697}.Debug|Any CPU.ActiveCfg = Debug|Any CPU
		{1AF9AD53-81CE-4039-B987-AD30AE336697}.Debug|Any CPU.Build.0 = Debug|Any CPU
		{1AF9AD53-81CE-4039-B987-AD30AE336697}.Release|Any CPU.ActiveCfg = Release|Any CPU
		{1AF9AD53-81CE-4039-B987-AD30AE336697}.Release|Any CPU.Build.0 = Release|Any CPU
		{9FC038CC-F050-447A-879E-D1D4A5446B20}.Debug|Any CPU.ActiveCfg = Debug|Any CPU
		{9FC038CC-F050-447A-879E-D1D4A5446B20}.Debug|Any CPU.Build.0 = Debug|Any CPU
		{9FC038CC-F050-447A-879E-D1D4A5446B20}.Release|Any CPU.ActiveCfg = Release|Any CPU
		{9FC038CC-F050-447A-879E-D1D4A5446B20}.Release|Any CPU.Build.0 = Release|Any CPU
		{792552DF-F225-42D0-BD67-ECDDC711D39A}.Debug|Any CPU.ActiveCfg = Debug|Any CPU
		{792552DF-F225-42D0-BD67-ECDDC711D39A}.Debug|Any CPU.Build.0 = Debug|Any CPU
		{792552DF-F225-42D0-BD67-ECDDC711D39A}.Release|Any CPU.ActiveCfg = Release|Any CPU
		{792552DF-F225-42D0-BD67-ECDDC711D39A}.Release|Any CPU.Build.0 = Release|Any CPU
	EndGlobalSection
	GlobalSection(SolutionProperties) = preSolution
		HideSolutionNode = FALSE
	EndGlobalSection
	GlobalSection(ExtensibilityGlobals) = postSolution
		SolutionGuid = {05F8412B-70F8-46EA-ABA4-17EB67BF63A4}
	EndGlobalSection
EndGlobal
